
Microsoft Visual Studio Solution File, Format Version 12.00
# Visual Studio Version 17
VisualStudioVersion = 17.4.33213.308
MinimumVisualStudioVersion = 10.0.40219.1
Project("{FAE04EC0-301F-11D3-BF4B-00C04F79EFBC}") = "ORM_TASK", "ORM_TASK.csproj", "{509B60F5-070B-415D-A1A6-FB1A384D834E}"
EndProject
Global
	GlobalSection(SolutionConfigurationPlatforms) = preSolution
		Debug|Any CPU = Debug|Any CPU
		Release|Any CPU = Release|Any CPU
	EndGlobalSection
	GlobalSection(ProjectConfigurationPlatforms) = postSolution
		{509B60F5-070B-415D-A1A6-FB1A384D834E}.Debug|Any CPU.ActiveCfg = Debug|Any CPU
		{509B60F5-070B-415D-A1A6-FB1A384D834E}.Debug|Any CPU.Build.0 = Debug|Any CPU
		{509B60F5-070B-415D-A1A6-FB1A384D834E}.Release|Any CPU.ActiveCfg = Release|Any CPU
		{509B60F5-070B-415D-A1A6-FB1A384D834E}.Release|Any CPU.Build.0 = Release|Any CPU
	EndGlobalSection
	GlobalSection(SolutionProperties) = preSolution
		HideSolutionNode = FALSE
	EndGlobalSection
	GlobalSection(ExtensibilityGlobals) = postSolution
		SolutionGuid = {56F14341-C16A-4E66-B291-D1B5829E75BF}
	EndGlobalSection
EndGlobal
